// !$*UTF8*$!
{
	archiveVersion = 1;
	classes = {
	};
	objectVersion = 46;
	objects = {

/* Begin PBXBuildFile section */
		4E6F0E841ADDA29A00A3C2FA /* LoadingView.swift in Sources */ = {isa = PBXBuildFile; fileRef = 4E6F0E831ADDA29A00A3C2FA /* LoadingView.swift */; };
		4E6F0E861ADDA2CA00A3C2FA /* ParseCrashReporting.framework in Frameworks */ = {isa = PBXBuildFile; fileRef = 4E6F0E851ADDA2CA00A3C2FA /* ParseCrashReporting.framework */; };
		4E6F0E891ADDA38000A3C2FA /* ParseFacebookUtils.framework in Frameworks */ = {isa = PBXBuildFile; fileRef = 4E6F0E871ADDA38000A3C2FA /* ParseFacebookUtils.framework */; };
		4E6F0E8A1ADDA38000A3C2FA /* ParseFacebookUtilsV4.framework in Frameworks */ = {isa = PBXBuildFile; fileRef = 4E6F0E881ADDA38000A3C2FA /* ParseFacebookUtilsV4.framework */; };
		4E6F0E8C1ADDA41400A3C2FA /* AudioToolbox.framework in Frameworks */ = {isa = PBXBuildFile; fileRef = 4E6F0E8B1ADDA41400A3C2FA /* AudioToolbox.framework */; };
		4E6F0E8E1ADDA42D00A3C2FA /* MobileCoreServices.framework in Frameworks */ = {isa = PBXBuildFile; fileRef = 4E6F0E8D1ADDA42D00A3C2FA /* MobileCoreServices.framework */; };
		4E6F0E901ADDA43800A3C2FA /* SystemConfiguration.framework in Frameworks */ = {isa = PBXBuildFile; fileRef = 4E6F0E8F1ADDA43800A3C2FA /* SystemConfiguration.framework */; };
		4E6F0E921ADE0A2C00A3C2FA /* AppUtil.swift in Sources */ = {isa = PBXBuildFile; fileRef = 4E6F0E911ADE0A2C00A3C2FA /* AppUtil.swift */; };
		4E6F0E941ADE44A400A3C2FA /* LocationTracker.swift in Sources */ = {isa = PBXBuildFile; fileRef = 4E6F0E931ADE44A400A3C2FA /* LocationTracker.swift */; };
		4E6F0E961ADF448E00A3C2FA /* VelocityQueue.swift in Sources */ = {isa = PBXBuildFile; fileRef = 4E6F0E951ADF448E00A3C2FA /* VelocityQueue.swift */; };
		4E6F0E981ADF7A7700A3C2FA /* CLLocationManagerSimulator.swift in Sources */ = {isa = PBXBuildFile; fileRef = 4E6F0E971ADF7A7700A3C2FA /* CLLocationManagerSimulator.swift */; };
		4E6F0EA01AE4CD0C00A3C2FA /* LotMapViewController.swift in Sources */ = {isa = PBXBuildFile; fileRef = 4E6F0E9F1AE4CD0C00A3C2FA /* LotMapViewController.swift */; };
		4E6F0EA51AE5FC4D00A3C2FA /* MulticarSim.swift in Sources */ = {isa = PBXBuildFile; fileRef = 4E6F0EA41AE5FC4D00A3C2FA /* MulticarSim.swift */; };
		4E6F0EA71AE6220B00A3C2FA /* LocationPath.swift in Sources */ = {isa = PBXBuildFile; fileRef = 4E6F0EA61AE6220A00A3C2FA /* LocationPath.swift */; };
		4E6F0EA91AE6229700A3C2FA /* LocationPathCreator.swift in Sources */ = {isa = PBXBuildFile; fileRef = 4E6F0EA81AE6229700A3C2FA /* LocationPathCreator.swift */; };
		4E6F0EAC1AE63EF000A3C2FA /* carIcon-256.png in Resources */ = {isa = PBXBuildFile; fileRef = 4E6F0EAB1AE63EF000A3C2FA /* carIcon-256.png */; };
		4EBA53FD1ADD0F6B0020A8B8 /* AppDelegate.swift in Sources */ = {isa = PBXBuildFile; fileRef = 4EBA53FC1ADD0F6B0020A8B8 /* AppDelegate.swift */; };
		4EBA54021ADD0F6B0020A8B8 /* Main.storyboard in Resources */ = {isa = PBXBuildFile; fileRef = 4EBA54001ADD0F6B0020A8B8 /* Main.storyboard */; };
		4EBA54041ADD0F6B0020A8B8 /* Images.xcassets in Resources */ = {isa = PBXBuildFile; fileRef = 4EBA54031ADD0F6B0020A8B8 /* Images.xcassets */; };
		4EBA54071ADD0F6B0020A8B8 /* LaunchScreen.xib in Resources */ = {isa = PBXBuildFile; fileRef = 4EBA54051ADD0F6B0020A8B8 /* LaunchScreen.xib */; };
		4EBA54131ADD0F6B0020A8B8 /* UtahLOLTests.swift in Sources */ = {isa = PBXBuildFile; fileRef = 4EBA54121ADD0F6B0020A8B8 /* UtahLOLTests.swift */; };
		4EBA541D1ADD10A80020A8B8 /* ImageUtil.swift in Sources */ = {isa = PBXBuildFile; fileRef = 4EBA541C1ADD10A80020A8B8 /* ImageUtil.swift */; };
		4EBA541F1ADD11320020A8B8 /* DropDownMenuView.swift in Sources */ = {isa = PBXBuildFile; fileRef = 4EBA541E1ADD11320020A8B8 /* DropDownMenuView.swift */; };
		4EBA54211ADD12220020A8B8 /* SignUpPage.swift in Sources */ = {isa = PBXBuildFile; fileRef = 4EBA54201ADD12220020A8B8 /* SignUpPage.swift */; };
		4EBA54231ADD12770020A8B8 /* LotsTableViewCell.swift in Sources */ = {isa = PBXBuildFile; fileRef = 4EBA54221ADD12770020A8B8 /* LotsTableViewCell.swift */; };
		4EBA54251ADD12C90020A8B8 /* LotsManager.swift in Sources */ = {isa = PBXBuildFile; fileRef = 4EBA54241ADD12C90020A8B8 /* LotsManager.swift */; };
		4EBA54271ADD12EC0020A8B8 /* LotData.swift in Sources */ = {isa = PBXBuildFile; fileRef = 4EBA54261ADD12EC0020A8B8 /* LotData.swift */; };
		4EBA54291ADD13270020A8B8 /* LotsTable.swift in Sources */ = {isa = PBXBuildFile; fileRef = 4EBA54281ADD13270020A8B8 /* LotsTable.swift */; };
		4EBA542B1ADD137A0020A8B8 /* UserModel.swift in Sources */ = {isa = PBXBuildFile; fileRef = 4EBA542A1ADD137A0020A8B8 /* UserModel.swift */; };
		4EBA542D1ADD13ED0020A8B8 /* LOLHomeViewController.swift in Sources */ = {isa = PBXBuildFile; fileRef = 4EBA542C1ADD13ED0020A8B8 /* LOLHomeViewController.swift */; };
		4EBA542F1ADD147B0020A8B8 /* LogInPage.swift in Sources */ = {isa = PBXBuildFile; fileRef = 4EBA542E1ADD147B0020A8B8 /* LogInPage.swift */; };
		4EBA54331ADDA0BC0020A8B8 /* Bolts.framework in Frameworks */ = {isa = PBXBuildFile; fileRef = 4EBA54301ADDA0BC0020A8B8 /* Bolts.framework */; };
		4EBA54341ADDA0BC0020A8B8 /* Parse.framework in Frameworks */ = {isa = PBXBuildFile; fileRef = 4EBA54311ADDA0BC0020A8B8 /* Parse.framework */; };
		4EBA54351ADDA0BC0020A8B8 /* ParseUI.framework in Frameworks */ = {isa = PBXBuildFile; fileRef = 4EBA54321ADDA0BC0020A8B8 /* ParseUI.framework */; };
		4EBA54371ADDA0E40020A8B8 /* libsqlite3.dylib in Frameworks */ = {isa = PBXBuildFile; fileRef = 4EBA54361ADDA0E40020A8B8 /* libsqlite3.dylib */; };
/* End PBXBuildFile section */

/* Begin PBXContainerItemProxy section */
		4EBA540D1ADD0F6B0020A8B8 /* PBXContainerItemProxy */ = {
			isa = PBXContainerItemProxy;
			containerPortal = 4EBA53EF1ADD0F6A0020A8B8 /* Project object */;
			proxyType = 1;
			remoteGlobalIDString = 4EBA53F61ADD0F6B0020A8B8;
			remoteInfo = UtahLOL;
		};
/* End PBXContainerItemProxy section */

/* Begin PBXFileReference section */
		4E6F0E831ADDA29A00A3C2FA /* LoadingView.swift */ = {isa = PBXFileReference; fileEncoding = 4; lastKnownFileType = sourcecode.swift; path = LoadingView.swift; sourceTree = "<group>"; };
		4E6F0E851ADDA2CA00A3C2FA /* ParseCrashReporting.framework */ = {isa = PBXFileReference; lastKnownFileType = wrapper.framework; name = ParseCrashReporting.framework; path = Frameworks/ParseCrashReporting.framework; sourceTree = "<group>"; };
		4E6F0E871ADDA38000A3C2FA /* ParseFacebookUtils.framework */ = {isa = PBXFileReference; lastKnownFileType = wrapper.framework; name = ParseFacebookUtils.framework; path = Frameworks/ParseFacebookUtils.framework; sourceTree = "<group>"; };
		4E6F0E881ADDA38000A3C2FA /* ParseFacebookUtilsV4.framework */ = {isa = PBXFileReference; lastKnownFileType = wrapper.framework; name = ParseFacebookUtilsV4.framework; path = Frameworks/ParseFacebookUtilsV4.framework; sourceTree = "<group>"; };
		4E6F0E8B1ADDA41400A3C2FA /* AudioToolbox.framework */ = {isa = PBXFileReference; lastKnownFileType = wrapper.framework; name = AudioToolbox.framework; path = System/Library/Frameworks/AudioToolbox.framework; sourceTree = SDKROOT; };
		4E6F0E8D1ADDA42D00A3C2FA /* MobileCoreServices.framework */ = {isa = PBXFileReference; lastKnownFileType = wrapper.framework; name = MobileCoreServices.framework; path = System/Library/Frameworks/MobileCoreServices.framework; sourceTree = SDKROOT; };
		4E6F0E8F1ADDA43800A3C2FA /* SystemConfiguration.framework */ = {isa = PBXFileReference; lastKnownFileType = wrapper.framework; name = SystemConfiguration.framework; path = System/Library/Frameworks/SystemConfiguration.framework; sourceTree = SDKROOT; };
		4E6F0E911ADE0A2C00A3C2FA /* AppUtil.swift */ = {isa = PBXFileReference; fileEncoding = 4; lastKnownFileType = sourcecode.swift; path = AppUtil.swift; sourceTree = "<group>"; };
		4E6F0E931ADE44A400A3C2FA /* LocationTracker.swift */ = {isa = PBXFileReference; fileEncoding = 4; lastKnownFileType = sourcecode.swift; path = LocationTracker.swift; sourceTree = "<group>"; };
		4E6F0E951ADF448E00A3C2FA /* VelocityQueue.swift */ = {isa = PBXFileReference; fileEncoding = 4; lastKnownFileType = sourcecode.swift; path = VelocityQueue.swift; sourceTree = "<group>"; };
		4E6F0E971ADF7A7700A3C2FA /* CLLocationManagerSimulator.swift */ = {isa = PBXFileReference; fileEncoding = 4; lastKnownFileType = sourcecode.swift; path = CLLocationManagerSimulator.swift; sourceTree = "<group>"; };
		4E6F0E9F1AE4CD0C00A3C2FA /* LotMapViewController.swift */ = {isa = PBXFileReference; fileEncoding = 4; lastKnownFileType = sourcecode.swift; path = LotMapViewController.swift; sourceTree = "<group>"; };
		4E6F0EA41AE5FC4D00A3C2FA /* MulticarSim.swift */ = {isa = PBXFileReference; fileEncoding = 4; lastKnownFileType = sourcecode.swift; path = MulticarSim.swift; sourceTree = "<group>"; };
		4E6F0EA61AE6220A00A3C2FA /* LocationPath.swift */ = {isa = PBXFileReference; fileEncoding = 4; lastKnownFileType = sourcecode.swift; path = LocationPath.swift; sourceTree = "<group>"; };
		4E6F0EA81AE6229700A3C2FA /* LocationPathCreator.swift */ = {isa = PBXFileReference; fileEncoding = 4; lastKnownFileType = sourcecode.swift; path = LocationPathCreator.swift; sourceTree = "<group>"; };
		4E6F0EAB1AE63EF000A3C2FA /* carIcon-256.png */ = {isa = PBXFileReference; lastKnownFileType = image.png; name = "carIcon-256.png"; path = "images/carIcon-256.png"; sourceTree = SOURCE_ROOT; };
		4EBA53F71ADD0F6B0020A8B8 /* UtahLOL.app */ = {isa = PBXFileReference; explicitFileType = wrapper.application; includeInIndex = 0; path = UtahLOL.app; sourceTree = BUILT_PRODUCTS_DIR; };
		4EBA53FB1ADD0F6B0020A8B8 /* Info.plist */ = {isa = PBXFileReference; lastKnownFileType = text.plist.xml; path = Info.plist; sourceTree = "<group>"; };
		4EBA53FC1ADD0F6B0020A8B8 /* AppDelegate.swift */ = {isa = PBXFileReference; lastKnownFileType = sourcecode.swift; path = AppDelegate.swift; sourceTree = "<group>"; };
		4EBA54011ADD0F6B0020A8B8 /* Base */ = {isa = PBXFileReference; lastKnownFileType = file.storyboard; name = Base; path = Base.lproj/Main.storyboard; sourceTree = "<group>"; };
		4EBA54031ADD0F6B0020A8B8 /* Images.xcassets */ = {isa = PBXFileReference; lastKnownFileType = folder.assetcatalog; path = Images.xcassets; sourceTree = "<group>"; };
		4EBA54061ADD0F6B0020A8B8 /* Base */ = {isa = PBXFileReference; lastKnownFileType = file.xib; name = Base; path = Base.lproj/LaunchScreen.xib; sourceTree = "<group>"; };
		4EBA540C1ADD0F6B0020A8B8 /* UtahLOLTests.xctest */ = {isa = PBXFileReference; explicitFileType = wrapper.cfbundle; includeInIndex = 0; path = UtahLOLTests.xctest; sourceTree = BUILT_PRODUCTS_DIR; };
		4EBA54111ADD0F6B0020A8B8 /* Info.plist */ = {isa = PBXFileReference; lastKnownFileType = text.plist.xml; path = Info.plist; sourceTree = "<group>"; };
		4EBA54121ADD0F6B0020A8B8 /* UtahLOLTests.swift */ = {isa = PBXFileReference; lastKnownFileType = sourcecode.swift; path = UtahLOLTests.swift; sourceTree = "<group>"; };
		4EBA541C1ADD10A80020A8B8 /* ImageUtil.swift */ = {isa = PBXFileReference; fileEncoding = 4; lastKnownFileType = sourcecode.swift; path = ImageUtil.swift; sourceTree = "<group>"; };
		4EBA541E1ADD11320020A8B8 /* DropDownMenuView.swift */ = {isa = PBXFileReference; fileEncoding = 4; lastKnownFileType = sourcecode.swift; path = DropDownMenuView.swift; sourceTree = "<group>"; };
		4EBA54201ADD12220020A8B8 /* SignUpPage.swift */ = {isa = PBXFileReference; fileEncoding = 4; lastKnownFileType = sourcecode.swift; path = SignUpPage.swift; sourceTree = "<group>"; };
		4EBA54221ADD12770020A8B8 /* LotsTableViewCell.swift */ = {isa = PBXFileReference; fileEncoding = 4; lastKnownFileType = sourcecode.swift; path = LotsTableViewCell.swift; sourceTree = "<group>"; };
		4EBA54241ADD12C90020A8B8 /* LotsManager.swift */ = {isa = PBXFileReference; fileEncoding = 4; lastKnownFileType = sourcecode.swift; path = LotsManager.swift; sourceTree = "<group>"; };
		4EBA54261ADD12EC0020A8B8 /* LotData.swift */ = {isa = PBXFileReference; fileEncoding = 4; lastKnownFileType = sourcecode.swift; path = LotData.swift; sourceTree = "<group>"; };
		4EBA54281ADD13270020A8B8 /* LotsTable.swift */ = {isa = PBXFileReference; fileEncoding = 4; lastKnownFileType = sourcecode.swift; path = LotsTable.swift; sourceTree = "<group>"; };
		4EBA542A1ADD137A0020A8B8 /* UserModel.swift */ = {isa = PBXFileReference; fileEncoding = 4; lastKnownFileType = sourcecode.swift; path = UserModel.swift; sourceTree = "<group>"; };
		4EBA542C1ADD13ED0020A8B8 /* LOLHomeViewController.swift */ = {isa = PBXFileReference; fileEncoding = 4; lastKnownFileType = sourcecode.swift; path = LOLHomeViewController.swift; sourceTree = "<group>"; };
		4EBA542E1ADD147B0020A8B8 /* LogInPage.swift */ = {isa = PBXFileReference; fileEncoding = 4; lastKnownFileType = sourcecode.swift; path = LogInPage.swift; sourceTree = "<group>"; };
		4EBA54301ADDA0BC0020A8B8 /* Bolts.framework */ = {isa = PBXFileReference; lastKnownFileType = wrapper.framework; name = Bolts.framework; path = Frameworks/Bolts.framework; sourceTree = "<group>"; };
		4EBA54311ADDA0BC0020A8B8 /* Parse.framework */ = {isa = PBXFileReference; lastKnownFileType = wrapper.framework; name = Parse.framework; path = Frameworks/Parse.framework; sourceTree = "<group>"; };
		4EBA54321ADDA0BC0020A8B8 /* ParseUI.framework */ = {isa = PBXFileReference; lastKnownFileType = wrapper.framework; name = ParseUI.framework; path = Frameworks/ParseUI.framework; sourceTree = "<group>"; };
		4EBA54361ADDA0E40020A8B8 /* libsqlite3.dylib */ = {isa = PBXFileReference; lastKnownFileType = "compiled.mach-o.dylib"; name = libsqlite3.dylib; path = usr/lib/libsqlite3.dylib; sourceTree = SDKROOT; };
/* End PBXFileReference section */

/* Begin PBXFrameworksBuildPhase section */
		4EBA53F41ADD0F6B0020A8B8 /* Frameworks */ = {
			isa = PBXFrameworksBuildPhase;
			buildActionMask = 2147483647;
			files = (
				4E6F0E901ADDA43800A3C2FA /* SystemConfiguration.framework in Frameworks */,
				4E6F0E8E1ADDA42D00A3C2FA /* MobileCoreServices.framework in Frameworks */,
				4E6F0E8C1ADDA41400A3C2FA /* AudioToolbox.framework in Frameworks */,
				4E6F0E891ADDA38000A3C2FA /* ParseFacebookUtils.framework in Frameworks */,
				4E6F0E8A1ADDA38000A3C2FA /* ParseFacebookUtilsV4.framework in Frameworks */,
				4E6F0E861ADDA2CA00A3C2FA /* ParseCrashReporting.framework in Frameworks */,
				4EBA54371ADDA0E40020A8B8 /* libsqlite3.dylib in Frameworks */,
				4EBA54331ADDA0BC0020A8B8 /* Bolts.framework in Frameworks */,
				4EBA54341ADDA0BC0020A8B8 /* Parse.framework in Frameworks */,
				4EBA54351ADDA0BC0020A8B8 /* ParseUI.framework in Frameworks */,
			);
			runOnlyForDeploymentPostprocessing = 0;
		};
		4EBA54091ADD0F6B0020A8B8 /* Frameworks */ = {
			isa = PBXFrameworksBuildPhase;
			buildActionMask = 2147483647;
			files = (
			);
			runOnlyForDeploymentPostprocessing = 0;
		};
/* End PBXFrameworksBuildPhase section */

/* Begin PBXGroup section */
		4E6F0E9A1AE49EAF00A3C2FA /* HomePage */ = {
			isa = PBXGroup;
			children = (
				4EBA541E1ADD11320020A8B8 /* DropDownMenuView.swift */,
				4EBA542C1ADD13ED0020A8B8 /* LOLHomeViewController.swift */,
			);
			name = HomePage;
			sourceTree = "<group>";
		};
		4E6F0E9B1AE49EE200A3C2FA /* LotsTable */ = {
			isa = PBXGroup;
			children = (
				4EBA54281ADD13270020A8B8 /* LotsTable.swift */,
				4EBA54221ADD12770020A8B8 /* LotsTableViewCell.swift */,
			);
			name = LotsTable;
			sourceTree = "<group>";
		};
		4E6F0E9C1AE49F0400A3C2FA /* LotsModel */ = {
			isa = PBXGroup;
			children = (
				4EBA54241ADD12C90020A8B8 /* LotsManager.swift */,
				4EBA54261ADD12EC0020A8B8 /* LotData.swift */,
			);
			name = LotsModel;
			sourceTree = "<group>";
		};
		4E6F0E9D1AE49F1E00A3C2FA /* LogIn */ = {
			isa = PBXGroup;
			children = (
				4EBA542E1ADD147B0020A8B8 /* LogInPage.swift */,
				4EBA54201ADD12220020A8B8 /* SignUpPage.swift */,
			);
			name = LogIn;
			sourceTree = "<group>";
		};
		4E6F0E9E1AE49F3100A3C2FA /* Util */ = {
			isa = PBXGroup;
			children = (
				4E6F0E951ADF448E00A3C2FA /* VelocityQueue.swift */,
				4E6F0E911ADE0A2C00A3C2FA /* AppUtil.swift */,
				4EBA541C1ADD10A80020A8B8 /* ImageUtil.swift */,
			);
			name = Util;
			sourceTree = "<group>";
		};
		4E6F0EA11AE4CD1800A3C2FA /* LotMap */ = {
			isa = PBXGroup;
			children = (
				4E6F0E9F1AE4CD0C00A3C2FA /* LotMapViewController.swift */,
			);
			name = LotMap;
			sourceTree = "<group>";
		};
		4E6F0EA31AE5FC1700A3C2FA /* Simulators */ = {
			isa = PBXGroup;
			children = (
				4E6F0E971ADF7A7700A3C2FA /* CLLocationManagerSimulator.swift */,
				4E6F0EA41AE5FC4D00A3C2FA /* MulticarSim.swift */,
				4E6F0EA61AE6220A00A3C2FA /* LocationPath.swift */,
				4E6F0EA81AE6229700A3C2FA /* LocationPathCreator.swift */,
			);
			name = Simulators;
			sourceTree = "<group>";
		};
		4E6F0EAA1AE63EDE00A3C2FA /* images */ = {
			isa = PBXGroup;
			children = (
				4E6F0EAB1AE63EF000A3C2FA /* carIcon-256.png */,
			);
			name = images;
			sourceTree = "<group>";
		};
		4EBA53EE1ADD0F6A0020A8B8 = {
			isa = PBXGroup;
			children = (
				4E6F0E8F1ADDA43800A3C2FA /* SystemConfiguration.framework */,
				4E6F0E8D1ADDA42D00A3C2FA /* MobileCoreServices.framework */,
				4E6F0E8B1ADDA41400A3C2FA /* AudioToolbox.framework */,
				4E6F0E871ADDA38000A3C2FA /* ParseFacebookUtils.framework */,
				4E6F0E881ADDA38000A3C2FA /* ParseFacebookUtilsV4.framework */,
				4E6F0E851ADDA2CA00A3C2FA /* ParseCrashReporting.framework */,
				4E6F0E831ADDA29A00A3C2FA /* LoadingView.swift */,
				4EBA54361ADDA0E40020A8B8 /* libsqlite3.dylib */,
				4EBA54301ADDA0BC0020A8B8 /* Bolts.framework */,
				4EBA54311ADDA0BC0020A8B8 /* Parse.framework */,
				4EBA54321ADDA0BC0020A8B8 /* ParseUI.framework */,
				4EBA53F91ADD0F6B0020A8B8 /* UtahLOL */,
				4EBA540F1ADD0F6B0020A8B8 /* UtahLOLTests */,
				4EBA53F81ADD0F6B0020A8B8 /* Products */,
			);
			sourceTree = "<group>";
		};
		4EBA53F81ADD0F6B0020A8B8 /* Products */ = {
			isa = PBXGroup;
			children = (
				4EBA53F71ADD0F6B0020A8B8 /* UtahLOL.app */,
				4EBA540C1ADD0F6B0020A8B8 /* UtahLOLTests.xctest */,
			);
			name = Products;
			sourceTree = "<group>";
		};
		4EBA53F91ADD0F6B0020A8B8 /* UtahLOL */ = {
			isa = PBXGroup;
			children = (
				4E6F0EAA1AE63EDE00A3C2FA /* images */,
				4EBA53FA1ADD0F6B0020A8B8 /* Supporting Files */,
				4EBA53FC1ADD0F6B0020A8B8 /* AppDelegate.swift */,
				4EBA54001ADD0F6B0020A8B8 /* Main.storyboard */,
				4EBA54031ADD0F6B0020A8B8 /* Images.xcassets */,
				4EBA54051ADD0F6B0020A8B8 /* LaunchScreen.xib */,
				4EBA542A1ADD137A0020A8B8 /* UserModel.swift */,
				4E6F0E931ADE44A400A3C2FA /* LocationTracker.swift */,
			);
			path = UtahLOL;
			sourceTree = "<group>";
		};
		4EBA53FA1ADD0F6B0020A8B8 /* Supporting Files */ = {
			isa = PBXGroup;
			children = (
				4E6F0EA31AE5FC1700A3C2FA /* Simulators */,
				4E6F0EA11AE4CD1800A3C2FA /* LotMap */,
				4E6F0E9E1AE49F3100A3C2FA /* Util */,
				4E6F0E9D1AE49F1E00A3C2FA /* LogIn */,
				4E6F0E9C1AE49F0400A3C2FA /* LotsModel */,
				4E6F0E9B1AE49EE200A3C2FA /* LotsTable */,
				4E6F0E9A1AE49EAF00A3C2FA /* HomePage */,
				4EBA53FB1ADD0F6B0020A8B8 /* Info.plist */,
			);
			name = "Supporting Files";
			sourceTree = "<group>";
		};
		4EBA540F1ADD0F6B0020A8B8 /* UtahLOLTests */ = {
			isa = PBXGroup;
			children = (
				4EBA54121ADD0F6B0020A8B8 /* UtahLOLTests.swift */,
				4EBA54101ADD0F6B0020A8B8 /* Supporting Files */,
			);
			path = UtahLOLTests;
			sourceTree = "<group>";
		};
		4EBA54101ADD0F6B0020A8B8 /* Supporting Files */ = {
			isa = PBXGroup;
			children = (
				4EBA54111ADD0F6B0020A8B8 /* Info.plist */,
			);
			name = "Supporting Files";
			sourceTree = "<group>";
		};
/* End PBXGroup section */

/* Begin PBXNativeTarget section */
		4EBA53F61ADD0F6B0020A8B8 /* UtahLOL */ = {
			isa = PBXNativeTarget;
			buildConfigurationList = 4EBA54161ADD0F6B0020A8B8 /* Build configuration list for PBXNativeTarget "UtahLOL" */;
			buildPhases = (
				4EBA53F31ADD0F6B0020A8B8 /* Sources */,
				4EBA53F41ADD0F6B0020A8B8 /* Frameworks */,
				4EBA53F51ADD0F6B0020A8B8 /* Resources */,
			);
			buildRules = (
			);
			dependencies = (
			);
			name = UtahLOL;
			productName = UtahLOL;
			productReference = 4EBA53F71ADD0F6B0020A8B8 /* UtahLOL.app */;
			productType = "com.apple.product-type.application";
		};
		4EBA540B1ADD0F6B0020A8B8 /* UtahLOLTests */ = {
			isa = PBXNativeTarget;
			buildConfigurationList = 4EBA54191ADD0F6B0020A8B8 /* Build configuration list for PBXNativeTarget "UtahLOLTests" */;
			buildPhases = (
				4EBA54081ADD0F6B0020A8B8 /* Sources */,
				4EBA54091ADD0F6B0020A8B8 /* Frameworks */,
				4EBA540A1ADD0F6B0020A8B8 /* Resources */,
			);
			buildRules = (
			);
			dependencies = (
				4EBA540E1ADD0F6B0020A8B8 /* PBXTargetDependency */,
			);
			name = UtahLOLTests;
			productName = UtahLOLTests;
			productReference = 4EBA540C1ADD0F6B0020A8B8 /* UtahLOLTests.xctest */;
			productType = "com.apple.product-type.bundle.unit-test";
		};
/* End PBXNativeTarget section */

/* Begin PBXProject section */
		4EBA53EF1ADD0F6A0020A8B8 /* Project object */ = {
			isa = PBXProject;
			attributes = {
				LastUpgradeCheck = 0620;
				ORGANIZATIONNAME = Mike;
				TargetAttributes = {
					4EBA53F61ADD0F6B0020A8B8 = {
						CreatedOnToolsVersion = 6.2;
						SystemCapabilities = {
							com.apple.BackgroundModes = {
								enabled = 1;
							};
						};
					};
					4EBA540B1ADD0F6B0020A8B8 = {
						CreatedOnToolsVersion = 6.2;
						TestTargetID = 4EBA53F61ADD0F6B0020A8B8;
					};
				};
			};
			buildConfigurationList = 4EBA53F21ADD0F6B0020A8B8 /* Build configuration list for PBXProject "UtahLOL" */;
			compatibilityVersion = "Xcode 3.2";
			developmentRegion = English;
			hasScannedForEncodings = 0;
			knownRegions = (
				en,
				Base,
			);
			mainGroup = 4EBA53EE1ADD0F6A0020A8B8;
			productRefGroup = 4EBA53F81ADD0F6B0020A8B8 /* Products */;
			projectDirPath = "";
			projectRoot = "";
			targets = (
				4EBA53F61ADD0F6B0020A8B8 /* UtahLOL */,
				4EBA540B1ADD0F6B0020A8B8 /* UtahLOLTests */,
			);
		};
/* End PBXProject section */

/* Begin PBXResourcesBuildPhase section */
		4EBA53F51ADD0F6B0020A8B8 /* Resources */ = {
			isa = PBXResourcesBuildPhase;
			buildActionMask = 2147483647;
			files = (
				4EBA54021ADD0F6B0020A8B8 /* Main.storyboard in Resources */,
				4EBA54071ADD0F6B0020A8B8 /* LaunchScreen.xib in Resources */,
				4EBA54041ADD0F6B0020A8B8 /* Images.xcassets in Resources */,
				4E6F0EAC1AE63EF000A3C2FA /* carIcon-256.png in Resources */,
			);
			runOnlyForDeploymentPostprocessing = 0;
		};
		4EBA540A1ADD0F6B0020A8B8 /* Resources */ = {
			isa = PBXResourcesBuildPhase;
			buildActionMask = 2147483647;
			files = (
			);
			runOnlyForDeploymentPostprocessing = 0;
		};
/* End PBXResourcesBuildPhase section */

/* Begin PBXSourcesBuildPhase section */
		4EBA53F31ADD0F6B0020A8B8 /* Sources */ = {
			isa = PBXSourcesBuildPhase;
			buildActionMask = 2147483647;
			files = (
				4EBA54251ADD12C90020A8B8 /* LotsManager.swift in Sources */,
				4EBA54271ADD12EC0020A8B8 /* LotData.swift in Sources */,
				4EBA54291ADD13270020A8B8 /* LotsTable.swift in Sources */,
				4EBA541D1ADD10A80020A8B8 /* ImageUtil.swift in Sources */,
				4EBA542F1ADD147B0020A8B8 /* LogInPage.swift in Sources */,
				4E6F0EA01AE4CD0C00A3C2FA /* LotMapViewController.swift in Sources */,
				4E6F0EA91AE6229700A3C2FA /* LocationPathCreator.swift in Sources */,
				4E6F0E961ADF448E00A3C2FA /* VelocityQueue.swift in Sources */,
				4EBA54211ADD12220020A8B8 /* SignUpPage.swift in Sources */,
				4EBA541F1ADD11320020A8B8 /* DropDownMenuView.swift in Sources */,
				4EBA53FD1ADD0F6B0020A8B8 /* AppDelegate.swift in Sources */,
				4E6F0E921ADE0A2C00A3C2FA /* AppUtil.swift in Sources */,
				4EBA542B1ADD137A0020A8B8 /* UserModel.swift in Sources */,
				4EBA542D1ADD13ED0020A8B8 /* LOLHomeViewController.swift in Sources */,
				4E6F0E981ADF7A7700A3C2FA /* CLLocationManagerSimulator.swift in Sources */,
				4E6F0EA51AE5FC4D00A3C2FA /* MulticarSim.swift in Sources */,
				4E6F0E841ADDA29A00A3C2FA /* LoadingView.swift in Sources */,
				4EBA54231ADD12770020A8B8 /* LotsTableViewCell.swift in Sources */,
				4E6F0E941ADE44A400A3C2FA /* LocationTracker.swift in Sources */,
				4E6F0EA71AE6220B00A3C2FA /* LocationPath.swift in Sources */,
			);
			runOnlyForDeploymentPostprocessing = 0;
		};
		4EBA54081ADD0F6B0020A8B8 /* Sources */ = {
			isa = PBXSourcesBuildPhase;
			buildActionMask = 2147483647;
			files = (
				4EBA54131ADD0F6B0020A8B8 /* UtahLOLTests.swift in Sources */,
			);
			runOnlyForDeploymentPostprocessing = 0;
		};
/* End PBXSourcesBuildPhase section */

/* Begin PBXTargetDependency section */
		4EBA540E1ADD0F6B0020A8B8 /* PBXTargetDependency */ = {
			isa = PBXTargetDependency;
			target = 4EBA53F61ADD0F6B0020A8B8 /* UtahLOL */;
			targetProxy = 4EBA540D1ADD0F6B0020A8B8 /* PBXContainerItemProxy */;
		};
/* End PBXTargetDependency section */

/* Begin PBXVariantGroup section */
		4EBA54001ADD0F6B0020A8B8 /* Main.storyboard */ = {
			isa = PBXVariantGroup;
			children = (
				4EBA54011ADD0F6B0020A8B8 /* Base */,
			);
			name = Main.storyboard;
			sourceTree = "<group>";
		};
		4EBA54051ADD0F6B0020A8B8 /* LaunchScreen.xib */ = {
			isa = PBXVariantGroup;
			children = (
				4EBA54061ADD0F6B0020A8B8 /* Base */,
			);
			name = LaunchScreen.xib;
			sourceTree = "<group>";
		};
/* End PBXVariantGroup section */

/* Begin XCBuildConfiguration section */
		4EBA54141ADD0F6B0020A8B8 /* Debug */ = {
			isa = XCBuildConfiguration;
			buildSettings = {
				ALWAYS_SEARCH_USER_PATHS = NO;
				CLANG_CXX_LANGUAGE_STANDARD = "gnu++0x";
				CLANG_CXX_LIBRARY = "libc++";
				CLANG_ENABLE_MODULES = YES;
				CLANG_ENABLE_OBJC_ARC = YES;
				CLANG_WARN_BOOL_CONVERSION = YES;
				CLANG_WARN_CONSTANT_CONVERSION = YES;
				CLANG_WARN_DIRECT_OBJC_ISA_USAGE = YES_ERROR;
				CLANG_WARN_EMPTY_BODY = YES;
				CLANG_WARN_ENUM_CONVERSION = YES;
				CLANG_WARN_INT_CONVERSION = YES;
				CLANG_WARN_OBJC_ROOT_CLASS = YES_ERROR;
				CLANG_WARN_UNREACHABLE_CODE = YES;
				CLANG_WARN__DUPLICATE_METHOD_MATCH = YES;
				"CODE_SIGN_IDENTITY[sdk=iphoneos*]" = "iPhone Developer";
				COPY_PHASE_STRIP = NO;
				ENABLE_STRICT_OBJC_MSGSEND = YES;
				GCC_C_LANGUAGE_STANDARD = gnu99;
				GCC_DYNAMIC_NO_PIC = NO;
				GCC_OPTIMIZATION_LEVEL = 0;
				GCC_PREPROCESSOR_DEFINITIONS = (
					"DEBUG=1",
					"$(inherited)",
				);
				GCC_SYMBOLS_PRIVATE_EXTERN = NO;
				GCC_WARN_64_TO_32_BIT_CONVERSION = YES;
				GCC_WARN_ABOUT_RETURN_TYPE = YES_ERROR;
				GCC_WARN_UNDECLARED_SELECTOR = YES;
				GCC_WARN_UNINITIALIZED_AUTOS = YES_AGGRESSIVE;
				GCC_WARN_UNUSED_FUNCTION = YES;
				GCC_WARN_UNUSED_VARIABLE = YES;
				IPHONEOS_DEPLOYMENT_TARGET = 8.2;
				MTL_ENABLE_DEBUG_INFO = YES;
				ONLY_ACTIVE_ARCH = YES;
				SDKROOT = iphoneos;
				SWIFT_OPTIMIZATION_LEVEL = "-Onone";
			};
			name = Debug;
		};
		4EBA54151ADD0F6B0020A8B8 /* Release */ = {
			isa = XCBuildConfiguration;
			buildSettings = {
				ALWAYS_SEARCH_USER_PATHS = NO;
				CLANG_CXX_LANGUAGE_STANDARD = "gnu++0x";
				CLANG_CXX_LIBRARY = "libc++";
				CLANG_ENABLE_MODULES = YES;
				CLANG_ENABLE_OBJC_ARC = YES;
				CLANG_WARN_BOOL_CONVERSION = YES;
				CLANG_WARN_CONSTANT_CONVERSION = YES;
				CLANG_WARN_DIRECT_OBJC_ISA_USAGE = YES_ERROR;
				CLANG_WARN_EMPTY_BODY = YES;
				CLANG_WARN_ENUM_CONVERSION = YES;
				CLANG_WARN_INT_CONVERSION = YES;
				CLANG_WARN_OBJC_ROOT_CLASS = YES_ERROR;
				CLANG_WARN_UNREACHABLE_CODE = YES;
				CLANG_WARN__DUPLICATE_METHOD_MATCH = YES;
				"CODE_SIGN_IDENTITY[sdk=iphoneos*]" = "iPhone Developer";
				COPY_PHASE_STRIP = NO;
				ENABLE_NS_ASSERTIONS = NO;
				ENABLE_STRICT_OBJC_MSGSEND = YES;
				GCC_C_LANGUAGE_STANDARD = gnu99;
				GCC_WARN_64_TO_32_BIT_CONVERSION = YES;
				GCC_WARN_ABOUT_RETURN_TYPE = YES_ERROR;
				GCC_WARN_UNDECLARED_SELECTOR = YES;
				GCC_WARN_UNINITIALIZED_AUTOS = YES_AGGRESSIVE;
				GCC_WARN_UNUSED_FUNCTION = YES;
				GCC_WARN_UNUSED_VARIABLE = YES;
				IPHONEOS_DEPLOYMENT_TARGET = 8.2;
				MTL_ENABLE_DEBUG_INFO = NO;
				SDKROOT = iphoneos;
				VALIDATE_PRODUCT = YES;
			};
			name = Release;
		};
		4EBA54171ADD0F6B0020A8B8 /* Debug */ = {
			isa = XCBuildConfiguration;
			buildSettings = {
				ASSETCATALOG_COMPILER_APPICON_NAME = AppIcon;
				FRAMEWORK_SEARCH_PATHS = (
					"$(inherited)",
					"$(PROJECT_DIR)/Frameworks",
				);
				INFOPLIST_FILE = UtahLOL/Info.plist;
				LD_RUNPATH_SEARCH_PATHS = "$(inherited) @executable_path/Frameworks";
				PRODUCT_NAME = "$(TARGET_NAME)";
			};
			name = Debug;
		};
		4EBA54181ADD0F6B0020A8B8 /* Release */ = {
			isa = XCBuildConfiguration;
			buildSettings = {
				ASSETCATALOG_COMPILER_APPICON_NAME = AppIcon;
				FRAMEWORK_SEARCH_PATHS = (
					"$(inherited)",
					"$(PROJECT_DIR)/Frameworks",
				);
				INFOPLIST_FILE = UtahLOL/Info.plist;
				LD_RUNPATH_SEARCH_PATHS = "$(inherited) @executable_path/Frameworks";
				PRODUCT_NAME = "$(TARGET_NAME)";
			};
			name = Release;
		};
		4EBA541A1ADD0F6B0020A8B8 /* Debug */ = {
			isa = XCBuildConfiguration;
			buildSettings = {
				BUNDLE_LOADER = "$(TEST_HOST)";
				FRAMEWORK_SEARCH_PATHS = (
					"$(SDKROOT)/Developer/Library/Frameworks",
					"$(inherited)",
				);
				GCC_PREPROCESSOR_DEFINITIONS = (
					"DEBUG=1",
					"$(inherited)",
				);
				INFOPLIST_FILE = UtahLOLTests/Info.plist;
				LD_RUNPATH_SEARCH_PATHS = "$(inherited) @executable_path/Frameworks @loader_path/Frameworks";
				PRODUCT_NAME = "$(TARGET_NAME)";
				TEST_HOST = "$(BUILT_PRODUCTS_DIR)/UtahLOL.app/UtahLOL";
			};
			name = Debug;
		};
		4EBA541B1ADD0F6B0020A8B8 /* Release */ = {
			isa = XCBuildConfiguration;
			buildSettings = {
				BUNDLE_LOADER = "$(TEST_HOST)";
				FRAMEWORK_SEARCH_PATHS = (
					"$(SDKROOT)/Developer/Library/Frameworks",
					"$(inherited)",
				);
				INFOPLIST_FILE = UtahLOLTests/Info.plist;
				LD_RUNPATH_SEARCH_PATHS = "$(inherited) @executable_path/Frameworks @loader_path/Frameworks";
				PRODUCT_NAME = "$(TARGET_NAME)";
				TEST_HOST = "$(BUILT_PRODUCTS_DIR)/UtahLOL.app/UtahLOL";
			};
			name = Release;
		};
/* End XCBuildConfiguration section */

/* Begin XCConfigurationList section */
		4EBA53F21ADD0F6B0020A8B8 /* Build configuration list for PBXProject "UtahLOL" */ = {
			isa = XCConfigurationList;
			buildConfigurations = (
				4EBA54141ADD0F6B0020A8B8 /* Debug */,
				4EBA54151ADD0F6B0020A8B8 /* Release */,
			);
			defaultConfigurationIsVisible = 0;
			defaultConfigurationName = Release;
		};
		4EBA54161ADD0F6B0020A8B8 /* Build configuration list for PBXNativeTarget "UtahLOL" */ = {
			isa = XCConfigurationList;
			buildConfigurations = (
				4EBA54171ADD0F6B0020A8B8 /* Debug */,
				4EBA54181ADD0F6B0020A8B8 /* Release */,
			);
			defaultConfigurationIsVisible = 0;
			defaultConfigurationName = Release;
		};
		4EBA54191ADD0F6B0020A8B8 /* Build configuration list for PBXNativeTarget "UtahLOLTests" */ = {
			isa = XCConfigurationList;
			buildConfigurations = (
				4EBA541A1ADD0F6B0020A8B8 /* Debug */,
				4EBA541B1ADD0F6B0020A8B8 /* Release */,
			);
			defaultConfigurationIsVisible = 0;
			defaultConfigurationName = Release;
		};
/* End XCConfigurationList section */
	};
	rootObject = 4EBA53EF1ADD0F6A0020A8B8 /* Project object */;
}
